
Microsoft Visual Studio Solution File, Format Version 12.00
# Visual Studio Version 17
VisualStudioVersion = 17.14.36414.22 d17.14
MinimumVisualStudioVersion = 10.0.40219.1
Project("{FAE04EC0-301F-11D3-BF4B-00C04F79EFBC}") = "Simple Chatbot Remake", "Simple Chatbot Remake\Simple Chatbot Remake.csproj", "{A25EDBB2-6839-4EA2-BDEF-0243EF88F7C0}"
EndProject
Global
	GlobalSection(SolutionConfigurationPlatforms) = preSolution
		Debug|Any CPU = Debug|Any CPU
		Release|Any CPU = Release|Any CPU
	EndGlobalSection
	GlobalSection(ProjectConfigurationPlatforms) = postSolution
		{A25EDBB2-6839-4EA2-BDEF-0243EF88F7C0}.Debug|Any CPU.ActiveCfg = Debug|Any CPU
		{A25EDBB2-6839-4EA2-BDEF-0243EF88F7C0}.Debug|Any CPU.Build.0 = Debug|Any CPU
		{A25EDBB2-6839-4EA2-BDEF-0243EF88F7C0}.Release|Any CPU.ActiveCfg = Release|Any CPU
		{A25EDBB2-6839-4EA2-BDEF-0243EF88F7C0}.Release|Any CPU.Build.0 = Release|Any CPU
	EndGlobalSection
	GlobalSection(SolutionProperties) = preSolution
		HideSolutionNode = FALSE
	EndGlobalSection
	GlobalSection(ExtensibilityGlobals) = postSolution
		SolutionGuid = {2630B9E0-F1CD-404B-B0BF-E97E2749A623}
	EndGlobalSection
EndGlobal
